
Microsoft Visual Studio Solution File, Format Version 12.00
# Visual Studio Version 17
VisualStudioVersion = 17.0.31903.59
MinimumVisualStudioVersion = 10.0.40219.1
Project("{FAE04EC0-301F-11D3-BF4B-00C04F79EFBC}") = "Calculadora", "Calculadora\Calculadora.csproj", "{4564E10B-6279-494F-BC31-E01D57586E72}"
EndProject
Project("{FAE04EC0-301F-11D3-BF4B-00C04F79EFBC}") = "CalculadoraTeste", "CalculadoraTeste\CalculadoraTeste.csproj", "{7A6FE417-0551-4996-BBD3-4554AD3E92C3}"
EndProject
Global
	GlobalSection(SolutionConfigurationPlatforms) = preSolution
		Debug|Any CPU = Debug|Any CPU
		Release|Any CPU = Release|Any CPU
	EndGlobalSection
	GlobalSection(SolutionProperties) = preSolution
		HideSolutionNode = FALSE
	EndGlobalSection
	GlobalSection(ProjectConfigurationPlatforms) = postSolution
		{4564E10B-6279-494F-BC31-E01D57586E72}.Debug|Any CPU.ActiveCfg = Debug|Any CPU
		{4564E10B-6279-494F-BC31-E01D57586E72}.Debug|Any CPU.Build.0 = Debug|Any CPU
		{4564E10B-6279-494F-BC31-E01D57586E72}.Release|Any CPU.ActiveCfg = Release|Any CPU
		{4564E10B-6279-494F-BC31-E01D57586E72}.Release|Any CPU.Build.0 = Release|Any CPU
		{7A6FE417-0551-4996-BBD3-4554AD3E92C3}.Debug|Any CPU.ActiveCfg = Debug|Any CPU
		{7A6FE417-0551-4996-BBD3-4554AD3E92C3}.Debug|Any CPU.Build.0 = Debug|Any CPU
		{7A6FE417-0551-4996-BBD3-4554AD3E92C3}.Release|Any CPU.ActiveCfg = Release|Any CPU
		{7A6FE417-0551-4996-BBD3-4554AD3E92C3}.Release|Any CPU.Build.0 = Release|Any CPU
	EndGlobalSection
EndGlobal
